lex-ag-ui 89fa5261f823583e00ab00cd886cf49c61779d2d
lex-agent c5d73df19b8204929fb6df303c42b58f157dcd83
lex-ctl e5ae32c046297af5dc3aa03119d0ce7e061bbbff
lex-jobs d75c4398b568590ccb0a6a3e2f1326c6fc2a7657
lex-llm aee9b28c819db513936f29f11c84564863ed2840
lex-log a4f3d143f0828b95b9efaef1d694ab99c60ed3c4
lex-mcp d3f9bda77bdb239ef66fd5ebb53f1e727a23e02f
lex-memory d13f7b86546531db9f14bce9892254c1eb67796f
lex-orm de68a01ece60c0e874a9309f236cebe256f81fb6
lex-os-manifest 4c9c46e0a4ef5acfa68f629249fcfb998cb3e09b
lex-schema cb9025b5dc975370f26b7c57a0281464b4298089
lex-soft 952b663469bec252bc82c1df5ba727465905e42b
lex-spec f64a546c26fdb00b46d41d95b7985cac8581f11e
lex-trail 8c93aa60af72a3c0f8ee1528f7f05918371ddb5e
lex-web 61a93072cb9aa30c7ad27a09cfe1edc440aa2b9b
