lex-ag-ui f016adb18d8d6a1593f92005f3d2361772caa85a
lex-agent 4e23f380229850ba8d17cc0b19cab155d9d5acea
lex-ctl ed5e532505dc07c6f88a36481358e36e304a97f5
lex-economy 7df40f4aea56580dc94692e2e1dfe29ca93bfc17
lex-jobs 866e2a11a863176c92ca3913d0a14df7065dd60f
lex-llm 6fbbadaaba2c1d4cd98f387bf06f549cd0c71374
lex-log aa25b402d2cd98abd5b4fe9381db729df461cade
lex-mcp 7d27e277fa2a46a642129a78cb75e27477239d93
lex-memory 3e91539ca111223fc948e14fbd4dd454c74aa94a
lex-orm c554e9b7819b213d141426318ce6327d4e846966
lex-os-manifest 4aaba25aba8e63aae81070b94257677e03d8b000
lex-schema 9f535e94d90618d42cf7f8159183212460e5abaa
lex-soft c6764270419524b27de49655658c5d0e1af26d5e
lex-spec 192d8ef9d8fc4c03ee703a53011560a18bc1b6ad
lex-trail fd2bddf24d321ed6ab716c8bcdca2583b1212ab9
lex-web 3bdd5b6ef27a139b0cb600e02a026e7947dde56e
