lex-ag-ui f016adb18d8d6a1593f92005f3d2361772caa85a
lex-agent fe1b77c0bd47e32a4358ad417e3099b614116b04
lex-ctl ed5e532505dc07c6f88a36481358e36e304a97f5
lex-economy 7df40f4aea56580dc94692e2e1dfe29ca93bfc17
lex-jobs 46d20394e990d79654c101ef71b589f8f7bc0790
lex-llm 75435e4efd31317ea6aa7209371518b4243e5b20
lex-log 0c2d1abf2817424e7fd971e15208ba6dca789d13
lex-mcp 7d27e277fa2a46a642129a78cb75e27477239d93
lex-memory 3e91539ca111223fc948e14fbd4dd454c74aa94a
lex-orm 5f363e378c892d7adecdb95266385a6335e1bc95
lex-os-manifest 4aaba25aba8e63aae81070b94257677e03d8b000
lex-schema 9d8263fe5dd7d84be5b81a8da52424219fec3583
lex-soft fc709c616ce391ddd9b120d6c6c85e8b7fd5d89a
lex-spec 873fca0260b44853e294de38f9887bce96268c2f
lex-trail 372e595dcd5a76f16925e18dc5e8a393323907eb
lex-web b8039880199f72a49a613caaf9ce2fcd82806b66
